
Microsoft Visual Studio Solution File, Format Version 12.00
# Visual Studio 15
VisualStudioVersion = 15.0.27130.2026
MinimumVisualStudioVersion = 10.0.40219.1
Project("{FAE04EC0-301F-11D3-BF4B-00C04F79EFBC}") = "Renomeia PDF com seu conteudo", "Converte_PDF_Texto\Renomeia PDF com seu conteudo.csproj", "{683A75EC-6FC8-4997-87DB-5E9D0C5B8F07}"
EndProject
Global
	GlobalSection(SolutionConfigurationPlatforms) = preSolution
		Debug|Any CPU = Debug|Any CPU
		Release|Any CPU = Release|Any CPU
	EndGlobalSection
	GlobalSection(ProjectConfigurationPlatforms) = postSolution
		{683A75EC-6FC8-4997-87DB-5E9D0C5B8F07}.Debug|Any CPU.ActiveCfg = Debug|Any CPU
		{683A75EC-6FC8-4997-87DB-5E9D0C5B8F07}.Debug|Any CPU.Build.0 = Debug|Any CPU
		{683A75EC-6FC8-4997-87DB-5E9D0C5B8F07}.Release|Any CPU.ActiveCfg = Release|Any CPU
		{683A75EC-6FC8-4997-87DB-5E9D0C5B8F07}.Release|Any CPU.Build.0 = Release|Any CPU
	EndGlobalSection
	GlobalSection(SolutionProperties) = preSolution
		HideSolutionNode = FALSE
	EndGlobalSection
	GlobalSection(ExtensibilityGlobals) = postSolution
		SolutionGuid = {CA331CFD-EA00-41F8-A9B3-2BED47C33187}
	EndGlobalSection
EndGlobal
